
Microsoft Visual Studio Solution File, Format Version 12.00
# Visual Studio 15
Project("{FAE04EC0-301F-11D3-BF4B-00C04F79EFBC}") = "GissaNummer2", "GissaNummer2.csproj", "{FDAC7C68-CA9D-4A17-8C04-502614555983}"
EndProject
Project("{FAE04EC0-301F-11D3-BF4B-00C04F79EFBC}") = "GuessNumber", "..\GuessNumber\GuessNumber.csproj", "{62AB4EEB-7E78-48AB-95AA-1D140056279B}"
EndProject
Global
	GlobalSection(SolutionConfigurationPlatforms) = preSolution
		Debug|Any CPU = Debug|Any CPU
		Release|Any CPU = Release|Any CPU
	EndGlobalSection
	GlobalSection(ProjectConfigurationPlatforms) = postSolution
		{FDAC7C68-CA9D-4A17-8C04-502614555983}.Debug|Any CPU.ActiveCfg = Debug|Any CPU
		{FDAC7C68-CA9D-4A17-8C04-502614555983}.Debug|Any CPU.Build.0 = Debug|Any CPU
		{FDAC7C68-CA9D-4A17-8C04-502614555983}.Release|Any CPU.ActiveCfg = Release|Any CPU
		{FDAC7C68-CA9D-4A17-8C04-502614555983}.Release|Any CPU.Build.0 = Release|Any CPU
		{62AB4EEB-7E78-48AB-95AA-1D140056279B}.Debug|Any CPU.ActiveCfg = Debug|Any CPU
		{62AB4EEB-7E78-48AB-95AA-1D140056279B}.Debug|Any CPU.Build.0 = Debug|Any CPU
		{62AB4EEB-7E78-48AB-95AA-1D140056279B}.Release|Any CPU.ActiveCfg = Release|Any CPU
		{62AB4EEB-7E78-48AB-95AA-1D140056279B}.Release|Any CPU.Build.0 = Release|Any CPU
	EndGlobalSection
EndGlobal
